
Microsoft Visual Studio Solution File, Format Version 12.00
# Visual Studio Version 17
VisualStudioVersion = 17.8.34316.72
MinimumVisualStudioVersion = 10.0.40219.1
Project("{FAE04EC0-301F-11D3-BF4B-00C04F79EFBC}") = "Day4", "Day4.csproj", "{1A8E0348-3215-47B7-8572-93CC65B1A92B}"
EndProject
Global
	GlobalSection(SolutionConfigurationPlatforms) = preSolution
		Debug|Any CPU = Debug|Any CPU
		Release|Any CPU = Release|Any CPU
	EndGlobalSection
	GlobalSection(ProjectConfigurationPlatforms) = postSolution
		{1A8E0348-3215-47B7-8572-93CC65B1A92B}.Debug|Any CPU.ActiveCfg = Debug|Any CPU
		{1A8E0348-3215-47B7-8572-93CC65B1A92B}.Debug|Any CPU.Build.0 = Debug|Any CPU
		{1A8E0348-3215-47B7-8572-93CC65B1A92B}.Release|Any CPU.ActiveCfg = Release|Any CPU
		{1A8E0348-3215-47B7-8572-93CC65B1A92B}.Release|Any CPU.Build.0 = Release|Any CPU
	EndGlobalSection
	GlobalSection(SolutionProperties) = preSolution
		HideSolutionNode = FALSE
	EndGlobalSection
	GlobalSection(ExtensibilityGlobals) = postSolution
		SolutionGuid = {F140A640-198B-47AB-A3F4-46B56B8C12A1}
	EndGlobalSection
EndGlobal
