
Microsoft Visual Studio Solution File, Format Version 12.00
# Visual Studio Version 17
VisualStudioVersion = 17.8.34322.80
MinimumVisualStudioVersion = 10.0.40219.1
Project("{FAE04EC0-301F-11D3-BF4B-00C04F79EFBC}") = "Day1", "Day1.csproj", "{95B244AE-B8FF-4376-BA42-A88AEE37CE0C}"
EndProject
Global
	GlobalSection(SolutionConfigurationPlatforms) = preSolution
		Debug|Any CPU = Debug|Any CPU
		Release|Any CPU = Release|Any CPU
	EndGlobalSection
	GlobalSection(ProjectConfigurationPlatforms) = postSolution
		{95B244AE-B8FF-4376-BA42-A88AEE37CE0C}.Debug|Any CPU.ActiveCfg = Debug|Any CPU
		{95B244AE-B8FF-4376-BA42-A88AEE37CE0C}.Debug|Any CPU.Build.0 = Debug|Any CPU
		{95B244AE-B8FF-4376-BA42-A88AEE37CE0C}.Release|Any CPU.ActiveCfg = Release|Any CPU
		{95B244AE-B8FF-4376-BA42-A88AEE37CE0C}.Release|Any CPU.Build.0 = Release|Any CPU
	EndGlobalSection
	GlobalSection(SolutionProperties) = preSolution
		HideSolutionNode = FALSE
	EndGlobalSection
	GlobalSection(ExtensibilityGlobals) = postSolution
		SolutionGuid = {AC578730-79AA-4783-89C0-5CD10669DE75}
	EndGlobalSection
EndGlobal
