
Microsoft Visual Studio Solution File, Format Version 12.00
# Visual Studio Version 17
VisualStudioVersion = 17.4.33205.214
MinimumVisualStudioVersion = 10.0.40219.1
Project("{FAE04EC0-301F-11D3-BF4B-00C04F79EFBC}") = "Day16", "Day16.csproj", "{FC242EB0-ECBE-48DE-B418-E1D4C220F3C1}"
EndProject
Global
	GlobalSection(SolutionConfigurationPlatforms) = preSolution
		Debug|Any CPU = Debug|Any CPU
		Release|Any CPU = Release|Any CPU
	EndGlobalSection
	GlobalSection(ProjectConfigurationPlatforms) = postSolution
		{FC242EB0-ECBE-48DE-B418-E1D4C220F3C1}.Debug|Any CPU.ActiveCfg = Debug|Any CPU
		{FC242EB0-ECBE-48DE-B418-E1D4C220F3C1}.Debug|Any CPU.Build.0 = Debug|Any CPU
		{FC242EB0-ECBE-48DE-B418-E1D4C220F3C1}.Release|Any CPU.ActiveCfg = Release|Any CPU
		{FC242EB0-ECBE-48DE-B418-E1D4C220F3C1}.Release|Any CPU.Build.0 = Release|Any CPU
	EndGlobalSection
	GlobalSection(SolutionProperties) = preSolution
		HideSolutionNode = FALSE
	EndGlobalSection
	GlobalSection(ExtensibilityGlobals) = postSolution
		SolutionGuid = {83264DEE-47F8-4AF3-89FF-86138E436055}
	EndGlobalSection
EndGlobal
